// !$*UTF8*$!
{
	archiveVersion = 1;
	classes = {
	};
	objectVersion = 46;
	objects = {

/* Begin PBXBuildFile section */
		7A389E771C4D092E0054E15F /* dsa_pub.pem in Resources */ = {isa = PBXBuildFile; fileRef = 7A389E761C4D092E0054E15F /* dsa_pub.pem */; };
		7A8308A31C46F20100743770 /* Mantle.framework in Frameworks */ = {isa = PBXBuildFile; fileRef = 7A8308A01C46F20100743770 /* Mantle.framework */; };
		7A8308A41C46F20100743770 /* Mantle.framework in Embed Frameworks */ = {isa = PBXBuildFile; fileRef = 7A8308A01C46F20100743770 /* Mantle.framework */; settings = {ATTRIBUTES = (CodeSignOnCopy, RemoveHeadersOnCopy, ); }; };
		7A8308A51C46F20100743770 /* ReactiveCocoa.framework in Frameworks */ = {isa = PBXBuildFile; fileRef = 7A8308A11C46F20100743770 /* ReactiveCocoa.framework */; };
		7A8308A61C46F20100743770 /* ReactiveCocoa.framework in Embed Frameworks */ = {isa = PBXBuildFile; fileRef = 7A8308A11C46F20100743770 /* ReactiveCocoa.framework */; settings = {ATTRIBUTES = (CodeSignOnCopy, RemoveHeadersOnCopy, ); }; };
		7A8308B51C48932000743770 /* Sparkle.framework in Frameworks */ = {isa = PBXBuildFile; fileRef = 7A8308B41C48932000743770 /* Sparkle.framework */; };
		7A8308B71C48934A00743770 /* Sparkle.framework in Embed Frameworks */ = {isa = PBXBuildFile; fileRef = 7A8308B41C48932000743770 /* Sparkle.framework */; settings = {ATTRIBUTES = (CodeSignOnCopy, RemoveHeadersOnCopy, ); }; };
		7A8C0F6F1C449D6200BAFF97 /* AppDelegate.swift in Sources */ = {isa = PBXBuildFile; fileRef = 7A8C0F6E1C449D6200BAFF97 /* AppDelegate.swift */; };
		7A8C0F711C449D6200BAFF97 /* Assets.xcassets in Resources */ = {isa = PBXBuildFile; fileRef = 7A8C0F701C449D6200BAFF97 /* Assets.xcassets */; };
		7A8C0F741C449D6200BAFF97 /* MainMenu.xib in Resources */ = {isa = PBXBuildFile; fileRef = 7A8C0F721C449D6200BAFF97 /* MainMenu.xib */; };
/* End PBXBuildFile section */

/* Begin PBXCopyFilesBuildPhase section */
		7A8308A91C46F20100743770 /* Embed Frameworks */ = {
			isa = PBXCopyFilesBuildPhase;
			buildActionMask = 2147483647;
			dstPath = "";
			dstSubfolderSpec = 10;
			files = (
				7A8308B71C48934A00743770 /* Sparkle.framework in Embed Frameworks */,
				7A8308A41C46F20100743770 /* Mantle.framework in Embed Frameworks */,
				7A8308A61C46F20100743770 /* ReactiveCocoa.framework in Embed Frameworks */,
			);
			name = "Embed Frameworks";
			runOnlyForDeploymentPostprocessing = 0;
		};
/* End PBXCopyFilesBuildPhase section */

/* Begin PBXFileReference section */
		7A389E761C4D092E0054E15F /* dsa_pub.pem */ = {isa = PBXFileReference; fileEncoding = 4; lastKnownFileType = text; path = dsa_pub.pem; sourceTree = "<group>"; };
		7A8308A01C46F20100743770 /* Mantle.framework */ = {isa = PBXFileReference; lastKnownFileType = wrapper.framework; name = Mantle.framework; path = Carthage/Build/Mac/Mantle.framework; sourceTree = "<group>"; };
		7A8308A11C46F20100743770 /* ReactiveCocoa.framework */ = {isa = PBXFileReference; lastKnownFileType = wrapper.framework; name = ReactiveCocoa.framework; path = Carthage/Build/Mac/ReactiveCocoa.framework; sourceTree = "<group>"; };
		7A8308B41C48932000743770 /* Sparkle.framework */ = {isa = PBXFileReference; lastKnownFileType = wrapper.framework; path = Sparkle.framework; sourceTree = "<group>"; };
		7A8C0F6B1C449D6200BAFF97 /* Editor.app */ = {isa = PBXFileReference; explicitFileType = wrapper.application; includeInIndex = 0; path = Editor.app; sourceTree = BUILT_PRODUCTS_DIR; };
		7A8C0F6E1C449D6200BAFF97 /* AppDelegate.swift */ = {isa = PBXFileReference; lastKnownFileType = sourcecode.swift; path = AppDelegate.swift; sourceTree = "<group>"; };
		7A8C0F701C449D6200BAFF97 /* Assets.xcassets */ = {isa = PBXFileReference; lastKnownFileType = folder.assetcatalog; path = Assets.xcassets; sourceTree = "<group>"; };
		7A8C0F731C449D6200BAFF97 /* Base */ = {isa = PBXFileReference; lastKnownFileType = file.xib; name = Base; path = Base.lproj/MainMenu.xib; sourceTree = "<group>"; };
		7A8C0F751C449D6200BAFF97 /* Info.plist */ = {isa = PBXFileReference; lastKnownFileType = text.plist.xml; path = Info.plist; sourceTree = "<group>"; };
/* End PBXFileReference section */

/* Begin PBXFrameworksBuildPhase section */
		7A8C0F681C449D6200BAFF97 /* Frameworks */ = {
			isa = PBXFrameworksBuildPhase;
			buildActionMask = 2147483647;
			files = (
				7A8308A31C46F20100743770 /* Mantle.framework in Frameworks */,
				7A8308A51C46F20100743770 /* ReactiveCocoa.framework in Frameworks */,
				7A8308B51C48932000743770 /* Sparkle.framework in Frameworks */,
			);
			runOnlyForDeploymentPostprocessing = 0;
		};
/* End PBXFrameworksBuildPhase section */

/* Begin PBXGroup section */
		7A8308AA1C46F21500743770 /* Frameworks */ = {
			isa = PBXGroup;
			children = (
				7A8308B41C48932000743770 /* Sparkle.framework */,
				7A8308A01C46F20100743770 /* Mantle.framework */,
				7A8308A11C46F20100743770 /* ReactiveCocoa.framework */,
			);
			name = Frameworks;
			sourceTree = "<group>";
		};
		7A8C0F621C449D6200BAFF97 = {
			isa = PBXGroup;
			children = (
				7A8308AA1C46F21500743770 /* Frameworks */,
				7A8C0F6D1C449D6200BAFF97 /* Editor */,
				7A8C0F6C1C449D6200BAFF97 /* Products */,
			);
			sourceTree = "<group>";
		};
		7A8C0F6C1C449D6200BAFF97 /* Products */ = {
			isa = PBXGroup;
			children = (
				7A8C0F6B1C449D6200BAFF97 /* Editor.app */,
			);
			name = Products;
			sourceTree = "<group>";
		};
		7A8C0F6D1C449D6200BAFF97 /* Editor */ = {
			isa = PBXGroup;
			children = (
				7A389E761C4D092E0054E15F /* dsa_pub.pem */,
				7A8C0F6E1C449D6200BAFF97 /* AppDelegate.swift */,
				7A8C0F701C449D6200BAFF97 /* Assets.xcassets */,
				7A8C0F721C449D6200BAFF97 /* MainMenu.xib */,
				7A8C0F751C449D6200BAFF97 /* Info.plist */,
			);
			path = Editor;
			sourceTree = "<group>";
		};
/* End PBXGroup section */

/* Begin PBXNativeTarget section */
		7A8C0F6A1C449D6200BAFF97 /* Editor */ = {
			isa = PBXNativeTarget;
			buildConfigurationList = 7A8C0F781C449D6200BAFF97 /* Build configuration list for PBXNativeTarget "Editor" */;
			buildPhases = (
				7A8C0F671C449D6200BAFF97 /* Sources */,
				7A8C0F681C449D6200BAFF97 /* Frameworks */,
				7A8C0F691C449D6200BAFF97 /* Resources */,
				7A8308A91C46F20100743770 /* Embed Frameworks */,
			);
			buildRules = (
			);
			dependencies = (
			);
			name = Editor;
			productName = Editor;
			productReference = 7A8C0F6B1C449D6200BAFF97 /* Editor.app */;
			productType = "com.apple.product-type.application";
		};
/* End PBXNativeTarget section */

/* Begin PBXProject section */
		7A8C0F631C449D6200BAFF97 /* Project object */ = {
			isa = PBXProject;
			attributes = {
				LastSwiftUpdateCheck = 0720;
				LastUpgradeCheck = 0720;
				ORGANIZATIONNAME = "Perfectly-Cooked";
				TargetAttributes = {
					7A8C0F6A1C449D6200BAFF97 = {
						CreatedOnToolsVersion = 7.2;
					};
				};
			};
			buildConfigurationList = 7A8C0F661C449D6200BAFF97 /* Build configuration list for PBXProject "Editor" */;
			compatibilityVersion = "Xcode 3.2";
			developmentRegion = English;
			hasScannedForEncodings = 0;
			knownRegions = (
				en,
				Base,
			);
			mainGroup = 7A8C0F621C449D6200BAFF97;
			productRefGroup = 7A8C0F6C1C449D6200BAFF97 /* Products */;
			projectDirPath = "";
			projectRoot = "";
			targets = (
				7A8C0F6A1C449D6200BAFF97 /* Editor */,
			);
		};
/* End PBXProject section */

/* Begin PBXResourcesBuildPhase section */
		7A8C0F691C449D6200BAFF97 /* Resources */ = {
			isa = PBXResourcesBuildPhase;
			buildActionMask = 2147483647;
			files = (
				7A8C0F711C449D6200BAFF97 /* Assets.xcassets in Resources */,
				7A389E771C4D092E0054E15F /* dsa_pub.pem in Resources */,
				7A8C0F741C449D6200BAFF97 /* MainMenu.xib in Resources */,
			);
			runOnlyForDeploymentPostprocessing = 0;
		};
/* End PBXResourcesBuildPhase section */

/* Begin PBXSourcesBuildPhase section */
		7A8C0F671C449D6200BAFF97 /* Sources */ = {
			isa = PBXSourcesBuildPhase;
			buildActionMask = 2147483647;
			files = (
				7A8C0F6F1C449D6200BAFF97 /* AppDelegate.swift in Sources */,
			);
			runOnlyForDeploymentPostprocessing = 0;
		};
/* End PBXSourcesBuildPhase section */

/* Begin PBXVariantGroup section */
		7A8C0F721C449D6200BAFF97 /* MainMenu.xib */ = {
			isa = PBXVariantGroup;
			children = (
				7A8C0F731C449D6200BAFF97 /* Base */,
			);
			name = MainMenu.xib;
			sourceTree = "<group>";
		};
/* End PBXVariantGroup section */

/* Begin XCBuildConfiguration section */
		7A8C0F761C449D6200BAFF97 /* Debug */ = {
			isa = XCBuildConfiguration;
			buildSettings = {
				ALWAYS_SEARCH_USER_PATHS = NO;
				CLANG_CXX_LANGUAGE_STANDARD = "gnu++0x";
				CLANG_CXX_LIBRARY = "libc++";
				CLANG_ENABLE_MODULES = YES;
				CLANG_ENABLE_OBJC_ARC = YES;
				CLANG_WARN_BOOL_CONVERSION = YES;
				CLANG_WARN_CONSTANT_CONVERSION = YES;
				CLANG_WARN_DIRECT_OBJC_ISA_USAGE = YES_ERROR;
				CLANG_WARN_EMPTY_BODY = YES;
				CLANG_WARN_ENUM_CONVERSION = YES;
				CLANG_WARN_INT_CONVERSION = YES;
				CLANG_WARN_OBJC_ROOT_CLASS = YES_ERROR;
				CLANG_WARN_UNREACHABLE_CODE = YES;
				CLANG_WARN__DUPLICATE_METHOD_MATCH = YES;
				CODE_SIGN_IDENTITY = "-";
				COPY_PHASE_STRIP = NO;
				DEBUG_INFORMATION_FORMAT = dwarf;
				ENABLE_STRICT_OBJC_MSGSEND = YES;
				ENABLE_TESTABILITY = YES;
				GCC_C_LANGUAGE_STANDARD = gnu99;
				GCC_DYNAMIC_NO_PIC = NO;
				GCC_NO_COMMON_BLOCKS = YES;
				GCC_OPTIMIZATION_LEVEL = 0;
				GCC_PREPROCESSOR_DEFINITIONS = (
					"DEBUG=1",
					"$(inherited)",
				);
				GCC_WARN_64_TO_32_BIT_CONVERSION = YES;
				GCC_WARN_ABOUT_RETURN_TYPE = YES_ERROR;
				GCC_WARN_UNDECLARED_SELECTOR = YES;
				GCC_WARN_UNINITIALIZED_AUTOS = YES_AGGRESSIVE;
				GCC_WARN_UNUSED_FUNCTION = YES;
				GCC_WARN_UNUSED_VARIABLE = YES;
				MACOSX_DEPLOYMENT_TARGET = 10.11;
				MTL_ENABLE_DEBUG_INFO = YES;
				ONLY_ACTIVE_ARCH = YES;
				SDKROOT = macosx;
				SWIFT_OPTIMIZATION_LEVEL = "-Onone";
			};
			name = Debug;
		};
		7A8C0F771C449D6200BAFF97 /* Release */ = {
			isa = XCBuildConfiguration;
			buildSettings = {
				ALWAYS_SEARCH_USER_PATHS = NO;
				CLANG_CXX_LANGUAGE_STANDARD = "gnu++0x";
				CLANG_CXX_LIBRARY = "libc++";
				CLANG_ENABLE_MODULES = YES;
				CLANG_ENABLE_OBJC_ARC = YES;
				CLANG_WARN_BOOL_CONVERSION = YES;
				CLANG_WARN_CONSTANT_CONVERSION = YES;
				CLANG_WARN_DIRECT_OBJC_ISA_USAGE = YES_ERROR;
				CLANG_WARN_EMPTY_BODY = YES;
				CLANG_WARN_ENUM_CONVERSION = YES;
				CLANG_WARN_INT_CONVERSION = YES;
				CLANG_WARN_OBJC_ROOT_CLASS = YES_ERROR;
				CLANG_WARN_UNREACHABLE_CODE = YES;
				CLANG_WARN__DUPLICATE_METHOD_MATCH = YES;
				CODE_SIGN_IDENTITY = "-";
				COPY_PHASE_STRIP = NO;
				DEBUG_INFORMATION_FORMAT = "dwarf-with-dsym";
				ENABLE_NS_ASSERTIONS = NO;
				ENABLE_STRICT_OBJC_MSGSEND = YES;
				GCC_C_LANGUAGE_STANDARD = gnu99;
				GCC_NO_COMMON_BLOCKS = YES;
				GCC_WARN_64_TO_32_BIT_CONVERSION = YES;
				GCC_WARN_ABOUT_RETURN_TYPE = YES_ERROR;
				GCC_WARN_UNDECLARED_SELECTOR = YES;
				GCC_WARN_UNINITIALIZED_AUTOS = YES_AGGRESSIVE;
				GCC_WARN_UNUSED_FUNCTION = YES;
				GCC_WARN_UNUSED_VARIABLE = YES;
				MACOSX_DEPLOYMENT_TARGET = 10.11;
				MTL_ENABLE_DEBUG_INFO = NO;
				SDKROOT = macosx;
			};
			name = Release;
		};
		7A8C0F791C449D6200BAFF97 /* Debug */ = {
			isa = XCBuildConfiguration;
			buildSettings = {
				ASSETCATALOG_COMPILER_APPICON_NAME = AppIcon;
				CODE_SIGN_IDENTITY = "Mac Developer: Romain Pouclet (8NED62XG76)";
				COMBINE_HIDPI_IMAGES = YES;
				CURRENT_PROJECT_VERSION = 2;
				FRAMEWORK_SEARCH_PATHS = (
					"$(inherited)",
					"$(PROJECT_DIR)/Carthage/Build/Mac",
					"$(PROJECT_DIR)",
				);
				INFOPLIST_FILE = Editor/Info.plist;
				LD_RUNPATH_SEARCH_PATHS = "$(inherited) @executable_path/../Frameworks @loader_path/../Frameworks";
				PRODUCT_BUNDLE_IDENTIFIER = "com.perfectly-cooked.Editor";
				PRODUCT_NAME = "$(TARGET_NAME)";
				VERSIONING_SYSTEM = "apple-generic";
			};
			name = Debug;
		};
		7A8C0F7A1C449D6200BAFF97 /* Release */ = {
			isa = XCBuildConfiguration;
			buildSettings = {
				ASSETCATALOG_COMPILER_APPICON_NAME = AppIcon;
				CODE_SIGN_IDENTITY = "Mac Developer: Romain Pouclet (8NED62XG76)";
				COMBINE_HIDPI_IMAGES = YES;
				CURRENT_PROJECT_VERSION = 2;
				FRAMEWORK_SEARCH_PATHS = (
					"$(inherited)",
					"$(PROJECT_DIR)/Carthage/Build/Mac",
					"$(PROJECT_DIR)",
				);
				INFOPLIST_FILE = Editor/Info.plist;
				LD_RUNPATH_SEARCH_PATHS = "$(inherited) @executable_path/../Frameworks @loader_path/../Frameworks";
				PRODUCT_BUNDLE_IDENTIFIER = "com.perfectly-cooked.Editor";
				PRODUCT_NAME = "$(TARGET_NAME)";
				VERSIONING_SYSTEM = "apple-generic";
			};
			name = Release;
		};
/* End XCBuildConfiguration section */

/* Begin XCConfigurationList section */
		7A8C0F661C449D6200BAFF97 /* Build configuration list for PBXProject "Editor" */ = {
			isa = XCConfigurationList;
			buildConfigurations = (
				7A8C0F761C449D6200BAFF97 /* Debug */,
				7A8C0F771C449D6200BAFF97 /* Release */,
			);
			defaultConfigurationIsVisible = 0;
			defaultConfigurationName = Release;
		};
		7A8C0F781C449D6200BAFF97 /* Build configuration list for PBXNativeTarget "Editor" */ = {
			isa = XCConfigurationList;
			buildConfigurations = (
				7A8C0F791C449D6200BAFF97 /* Debug */,
				7A8C0F7A1C449D6200BAFF97 /* Release */,
			);
			defaultConfigurationIsVisible = 0;
			defaultConfigurationName = Release;
		};
/* End XCConfigurationList section */
	};
	rootObject = 7A8C0F631C449D6200BAFF97 /* Project object */;
}
